
Microsoft Visual Studio Solution File, Format Version 12.00
# Visual Studio Version 17
VisualStudioVersion = 17.8.34525.116
MinimumVisualStudioVersion = 10.0.40219.1
Project("{8BC9CEB8-8B4A-11D0-8D11-00A0C91BC942}") = "file_and_command_line_operations", "file_and_command_line_operations\file_and_command_line_operations.vcxproj", "{BAEFF533-0ED1-4326-9CA2-AC40E0226527}"
EndProject
Global
	GlobalSection(SolutionConfigurationPlatforms) = preSolution
		Debug|x64 = Debug|x64
		Debug|x86 = Debug|x86
		Release|x64 = Release|x64
		Release|x86 = Release|x86
	EndGlobalSection
	GlobalSection(ProjectConfigurationPlatforms) = postSolution
		{BAEFF533-0ED1-4326-9CA2-AC40E0226527}.Debug|x64.ActiveCfg = Debug|x64
		{BAEFF533-0ED1-4326-9CA2-AC40E0226527}.Debug|x64.Build.0 = Debug|x64
		{BAEFF533-0ED1-4326-9CA2-AC40E0226527}.Debug|x86.ActiveCfg = Debug|Win32
		{BAEFF533-0ED1-4326-9CA2-AC40E0226527}.Debug|x86.Build.0 = Debug|Win32
		{BAEFF533-0ED1-4326-9CA2-AC40E0226527}.Release|x64.ActiveCfg = Release|x64
		{BAEFF533-0ED1-4326-9CA2-AC40E0226527}.Release|x64.Build.0 = Release|x64
		{BAEFF533-0ED1-4326-9CA2-AC40E0226527}.Release|x86.ActiveCfg = Release|Win32
		{BAEFF533-0ED1-4326-9CA2-AC40E0226527}.Release|x86.Build.0 = Release|Win32
	EndGlobalSection
	GlobalSection(SolutionProperties) = preSolution
		HideSolutionNode = FALSE
	EndGlobalSection
	GlobalSection(ExtensibilityGlobals) = postSolution
		SolutionGuid = {B1333189-3B58-4FFE-9D2F-3D6520BCC599}
	EndGlobalSection
EndGlobal
